{
  "name": "@adobe/uxp-template-pr-starter",
  "version": "1.0.0",
  "lockfileVersion": 3,
  "requires": true,
  "packages": {
    "": {
      "name": "@adobe/uxp-template-pr-starter",
      "version": "1.0.0",
      "license": "Apache-2.0",
      "devDependencies": {
        "@adobe/premierepro": "^26.3.0"
      }
    },
    "node_modules/@adobe/premierepro": {
      "version": "26.3.0",
      "resolved": "https://registry.npmjs.org/@adobe/premierepro/-/premierepro-26.3.0.tgz",
      "integrity": "sha512-J84zEX8R4L5EU5EVVs3AWkd4LRoXPKueo28jPNfwwDAo69TOSNsAblImtsAmJR4HGDDazsvHkMQE3JBJqIcB9Q==",
      "dev": true,
      "engines": {
        "node": ">=20.0.0"
      }
    }
  }
}
